
Microsoft Visual Studio Solution File, Format Version 12.00
# Visual Studio Version 16
VisualStudioVersion = 16.0.30002.166
MinimumVisualStudioVersion = 10.0.40219.1
Project("{FAE04EC0-301F-11D3-BF4B-00C04F79EFBC}") = "MAIN", "MAIN\MAIN.csproj", "{2E3943C9-7F91-4B71-8120-9F030749C327}"
	ProjectSection(ProjectDependencies) = postProject
		{FBBE7E17-5F53-4802-B462-50F1901578ED} = {FBBE7E17-5F53-4802-B462-50F1901578ED}
		{5C2AC376-4951-4DC5-8C62-9893E3A9DEFA} = {5C2AC376-4951-4DC5-8C62-9893E3A9DEFA}
	EndProjectSection
EndProject
Project("{FAE04EC0-301F-11D3-BF4B-00C04F79EFBC}") = "12.FORM_HR_ABSENT", "12.FORM_HR_ABSENT\12.FORM_HR_ABSENT.csproj", "{F3AB4CFF-1A6B-4421-AC3B-04A6C712614E}"
EndProject
Project("{FAE04EC0-301F-11D3-BF4B-00C04F79EFBC}") = "ComVar", "ComVar\ComVar.csproj", "{1FDD4C55-6914-47C9-89F0-682D023AC3A9}"
EndProject
Project("{FAE04EC0-301F-11D3-BF4B-00C04F79EFBC}") = "53.FORM_MAIN_WH_OUTGOING", "53.FORM_MAIN_WH_OUTGOING\53.FORM_MAIN_WH_OUTGOING.csproj", "{BBCD6C57-67AA-45B2-91BE-EE9D9FD57ADF}"
EndProject
Project("{FAE04EC0-301F-11D3-BF4B-00C04F79EFBC}") = "538.DSF_VJ3_MENU", "538.DSF_VJ3_MENU\538.DSF_VJ3_MENU.csproj", "{FBBE7E17-5F53-4802-B462-50F1901578ED}"
EndProject
Project("{FAE04EC0-301F-11D3-BF4B-00C04F79EFBC}") = "539.FORM_NPI", "539.FORM_NPI\539.FORM_NPI.csproj", "{5CB71F34-605E-4655-B426-54727B58B2F8}"
EndProject
Project("{FAE04EC0-301F-11D3-BF4B-00C04F79EFBC}") = "541.FORM_EXTERNAL_OSD", "541.FORM_EXTERNAL_OSD\541.FORM_EXTERNAL_OSD.csproj", "{4F527714-91C2-42D6-8250-6F942545CDC0}"
EndProject
Project("{FAE04EC0-301F-11D3-BF4B-00C04F79EFBC}") = "542.FORM_PROD_STATUS", "542.FORM_PROD_STATUS\542.FORM_PROD_STATUS.csproj", "{2335B8EF-4841-4133-8B07-B130E5B9FA61}"
EndProject
Project("{FAE04EC0-301F-11D3-BF4B-00C04F79EFBC}") = "552.FORM_DOWNTIME", "552.FORM_DOWNTIME\552.FORM_DOWNTIME.csproj", "{23652854-5F2E-425C-8F55-7B17BCB3441F}"
EndProject
Project("{FAE04EC0-301F-11D3-BF4B-00C04F79EFBC}") = "553.SMT_VJ3_FORM_INV_LEADTIME", "553.SMT_VJ3_FORM_INV_LEADTIME\553.SMT_VJ3_FORM_INV_LEADTIME.csproj", "{D57E420E-FAF5-4778-9F6B-F5B9E0868A3D}"
EndProject
Project("{FAE04EC0-301F-11D3-BF4B-00C04F79EFBC}") = "554.SML_VJ3_FORM_EQUIPMENT", "554.SML_VJ3_FORM_EQUIPMENT\554.SML_VJ3_FORM_EQUIPMENT.csproj", "{83418639-88B8-4A74-ADA9-8721A3DCDEEE}"
EndProject
Project("{FAE04EC0-301F-11D3-BF4B-00C04F79EFBC}") = "555.FORM_HR", "555.FORM_HR\555.FORM_HR.csproj", "{4E33226D-3E1A-4F84-8625-0B99A0E2E10B}"
EndProject
Project("{FAE04EC0-301F-11D3-BF4B-00C04F79EFBC}") = "540.FORM_INTERNAL_OSD", "540.FORM_INTERNAL_OSD\540.FORM_INTERNAL_OSD.csproj", "{5C2AC376-4951-4DC5-8C62-9893E3A9DEFA}"
EndProject
Global
	GlobalSection(SolutionConfigurationPlatforms) = preSolution
		Debug|Any CPU = Debug|Any CPU
		Debug|Mixed Platforms = Debug|Mixed Platforms
		Debug|x86 = Debug|x86
		Release|Any CPU = Release|Any CPU
		Release|Mixed Platforms = Release|Mixed Platforms
		Release|x86 = Release|x86
	EndGlobalSection
	GlobalSection(ProjectConfigurationPlatforms) = postSolution
		{2E3943C9-7F91-4B71-8120-9F030749C327}.Debug|Any CPU.ActiveCfg = Debug|x86
		{2E3943C9-7F91-4B71-8120-9F030749C327}.Debug|Mixed Platforms.ActiveCfg = Debug|x86
		{2E3943C9-7F91-4B71-8120-9F030749C327}.Debug|Mixed Platforms.Build.0 = Debug|x86
		{2E3943C9-7F91-4B71-8120-9F030749C327}.Debug|x86.ActiveCfg = Debug|x86
		{2E3943C9-7F91-4B71-8120-9F030749C327}.Debug|x86.Build.0 = Debug|x86
		{2E3943C9-7F91-4B71-8120-9F030749C327}.Release|Any CPU.ActiveCfg = Release|x86
		{2E3943C9-7F91-4B71-8120-9F030749C327}.Release|Mixed Platforms.ActiveCfg = Release|x86
		{2E3943C9-7F91-4B71-8120-9F030749C327}.Release|Mixed Platforms.Build.0 = Release|x86
		{2E3943C9-7F91-4B71-8120-9F030749C327}.Release|x86.ActiveCfg = Release|x86
		{2E3943C9-7F91-4B71-8120-9F030749C327}.Release|x86.Build.0 = Release|x86
		{F3AB4CFF-1A6B-4421-AC3B-04A6C712614E}.Debug|Any CPU.ActiveCfg = Debug|Any CPU
		{F3AB4CFF-1A6B-4421-AC3B-04A6C712614E}.Debug|Any CPU.Build.0 = Debug|Any CPU
		{F3AB4CFF-1A6B-4421-AC3B-04A6C712614E}.Debug|Mixed Platforms.ActiveCfg = Debug|Any CPU
		{F3AB4CFF-1A6B-4421-AC3B-04A6C712614E}.Debug|Mixed Platforms.Build.0 = Debug|Any CPU
		{F3AB4CFF-1A6B-4421-AC3B-04A6C712614E}.Debug|x86.ActiveCfg = Debug|Any CPU
		{F3AB4CFF-1A6B-4421-AC3B-04A6C712614E}.Release|Any CPU.ActiveCfg = Release|Any CPU
		{F3AB4CFF-1A6B-4421-AC3B-04A6C712614E}.Release|Any CPU.Build.0 = Release|Any CPU
		{F3AB4CFF-1A6B-4421-AC3B-04A6C712614E}.Release|Mixed Platforms.ActiveCfg = Release|Any CPU
		{F3AB4CFF-1A6B-4421-AC3B-04A6C712614E}.Release|Mixed Platforms.Build.0 = Release|Any CPU
		{F3AB4CFF-1A6B-4421-AC3B-04A6C712614E}.Release|x86.ActiveCfg = Release|Any CPU
		{1FDD4C55-6914-47C9-89F0-682D023AC3A9}.Debug|Any CPU.ActiveCfg = Debug|Any CPU
		{1FDD4C55-6914-47C9-89F0-682D023AC3A9}.Debug|Any CPU.Build.0 = Debug|Any CPU
		{1FDD4C55-6914-47C9-89F0-682D023AC3A9}.Debug|Mixed Platforms.ActiveCfg = Debug|Any CPU
		{1FDD4C55-6914-47C9-89F0-682D023AC3A9}.Debug|Mixed Platforms.Build.0 = Debug|Any CPU
		{1FDD4C55-6914-47C9-89F0-682D023AC3A9}.Debug|x86.ActiveCfg = Debug|Any CPU
		{1FDD4C55-6914-47C9-89F0-682D023AC3A9}.Release|Any CPU.ActiveCfg = Release|Any CPU
		{1FDD4C55-6914-47C9-89F0-682D023AC3A9}.Release|Any CPU.Build.0 = Release|Any CPU
		{1FDD4C55-6914-47C9-89F0-682D023AC3A9}.Release|Mixed Platforms.ActiveCfg = Release|Any CPU
		{1FDD4C55-6914-47C9-89F0-682D023AC3A9}.Release|Mixed Platforms.Build.0 = Release|Any CPU
		{1FDD4C55-6914-47C9-89F0-682D023AC3A9}.Release|x86.ActiveCfg = Release|Any CPU
		{BBCD6C57-67AA-45B2-91BE-EE9D9FD57ADF}.Debug|Any CPU.ActiveCfg = Debug|Any CPU
		{BBCD6C57-67AA-45B2-91BE-EE9D9FD57ADF}.Debug|Any CPU.Build.0 = Debug|Any CPU
		{BBCD6C57-67AA-45B2-91BE-EE9D9FD57ADF}.Debug|Mixed Platforms.ActiveCfg = Debug|Any CPU
		{BBCD6C57-67AA-45B2-91BE-EE9D9FD57ADF}.Debug|Mixed Platforms.Build.0 = Debug|Any CPU
		{BBCD6C57-67AA-45B2-91BE-EE9D9FD57ADF}.Debug|x86.ActiveCfg = Debug|Any CPU
		{BBCD6C57-67AA-45B2-91BE-EE9D9FD57ADF}.Release|Any CPU.ActiveCfg = Release|Any CPU
		{BBCD6C57-67AA-45B2-91BE-EE9D9FD57ADF}.Release|Any CPU.Build.0 = Release|Any CPU
		{BBCD6C57-67AA-45B2-91BE-EE9D9FD57ADF}.Release|Mixed Platforms.ActiveCfg = Release|Any CPU
		{BBCD6C57-67AA-45B2-91BE-EE9D9FD57ADF}.Release|Mixed Platforms.Build.0 = Release|Any CPU
		{BBCD6C57-67AA-45B2-91BE-EE9D9FD57ADF}.Release|x86.ActiveCfg = Release|Any CPU
		{FBBE7E17-5F53-4802-B462-50F1901578ED}.Debug|Any CPU.ActiveCfg = Debug|Any CPU
		{FBBE7E17-5F53-4802-B462-50F1901578ED}.Debug|Any CPU.Build.0 = Debug|Any CPU
		{FBBE7E17-5F53-4802-B462-50F1901578ED}.Debug|Mixed Platforms.ActiveCfg = Debug|Any CPU
		{FBBE7E17-5F53-4802-B462-50F1901578ED}.Debug|Mixed Platforms.Build.0 = Debug|Any CPU
		{FBBE7E17-5F53-4802-B462-50F1901578ED}.Debug|x86.ActiveCfg = Debug|Any CPU
		{FBBE7E17-5F53-4802-B462-50F1901578ED}.Debug|x86.Build.0 = Debug|Any CPU
		{FBBE7E17-5F53-4802-B462-50F1901578ED}.Release|Any CPU.ActiveCfg = Release|Any CPU
		{FBBE7E17-5F53-4802-B462-50F1901578ED}.Release|Any CPU.Build.0 = Release|Any CPU
		{FBBE7E17-5F53-4802-B462-50F1901578ED}.Release|Mixed Platforms.ActiveCfg = Release|Any CPU
		{FBBE7E17-5F53-4802-B462-50F1901578ED}.Release|Mixed Platforms.Build.0 = Release|Any CPU
		{FBBE7E17-5F53-4802-B462-50F1901578ED}.Release|x86.ActiveCfg = Release|Any CPU
		{FBBE7E17-5F53-4802-B462-50F1901578ED}.Release|x86.Build.0 = Release|Any CPU
		{5CB71F34-605E-4655-B426-54727B58B2F8}.Debug|Any CPU.ActiveCfg = Debug|Any CPU
		{5CB71F34-605E-4655-B426-54727B58B2F8}.Debug|Any CPU.Build.0 = Debug|Any CPU
		{5CB71F34-605E-4655-B426-54727B58B2F8}.Debug|Mixed Platforms.ActiveCfg = Debug|Any CPU
		{5CB71F34-605E-4655-B426-54727B58B2F8}.Debug|Mixed Platforms.Build.0 = Debug|Any CPU
		{5CB71F34-605E-4655-B426-54727B58B2F8}.Debug|x86.ActiveCfg = Debug|Any CPU
		{5CB71F34-605E-4655-B426-54727B58B2F8}.Debug|x86.Build.0 = Debug|Any CPU
		{5CB71F34-605E-4655-B426-54727B58B2F8}.Release|Any CPU.ActiveCfg = Release|Any CPU
		{5CB71F34-605E-4655-B426-54727B58B2F8}.Release|Any CPU.Build.0 = Release|Any CPU
		{5CB71F34-605E-4655-B426-54727B58B2F8}.Release|Mixed Platforms.ActiveCfg = Release|Any CPU
		{5CB71F34-605E-4655-B426-54727B58B2F8}.Release|Mixed Platforms.Build.0 = Release|Any CPU
		{5CB71F34-605E-4655-B426-54727B58B2F8}.Release|x86.ActiveCfg = Release|Any CPU
		{5CB71F34-605E-4655-B426-54727B58B2F8}.Release|x86.Build.0 = Release|Any CPU
		{4F527714-91C2-42D6-8250-6F942545CDC0}.Debug|Any CPU.ActiveCfg = Debug|Any CPU
		{4F527714-91C2-42D6-8250-6F942545CDC0}.Debug|Any CPU.Build.0 = Debug|Any CPU
		{4F527714-91C2-42D6-8250-6F942545CDC0}.Debug|Mixed Platforms.ActiveCfg = Debug|Any CPU
		{4F527714-91C2-42D6-8250-6F942545CDC0}.Debug|Mixed Platforms.Build.0 = Debug|Any CPU
		{4F527714-91C2-42D6-8250-6F942545CDC0}.Debug|x86.ActiveCfg = Debug|Any CPU
		{4F527714-91C2-42D6-8250-6F942545CDC0}.Debug|x86.Build.0 = Debug|Any CPU
		{4F527714-91C2-42D6-8250-6F942545CDC0}.Release|Any CPU.ActiveCfg = Release|Any CPU
		{4F527714-91C2-42D6-8250-6F942545CDC0}.Release|Any CPU.Build.0 = Release|Any CPU
		{4F527714-91C2-42D6-8250-6F942545CDC0}.Release|Mixed Platforms.ActiveCfg = Release|Any CPU
		{4F527714-91C2-42D6-8250-6F942545CDC0}.Release|Mixed Platforms.Build.0 = Release|Any CPU
		{4F527714-91C2-42D6-8250-6F942545CDC0}.Release|x86.ActiveCfg = Release|Any CPU
		{4F527714-91C2-42D6-8250-6F942545CDC0}.Release|x86.Build.0 = Release|Any CPU
		{2335B8EF-4841-4133-8B07-B130E5B9FA61}.Debug|Any CPU.ActiveCfg = Debug|Any CPU
		{2335B8EF-4841-4133-8B07-B130E5B9FA61}.Debug|Any CPU.Build.0 = Debug|Any CPU
		{2335B8EF-4841-4133-8B07-B130E5B9FA61}.Debug|Mixed Platforms.ActiveCfg = Debug|Any CPU
		{2335B8EF-4841-4133-8B07-B130E5B9FA61}.Debug|Mixed Platforms.Build.0 = Debug|Any CPU
		{2335B8EF-4841-4133-8B07-B130E5B9FA61}.Debug|x86.ActiveCfg = Debug|Any CPU
		{2335B8EF-4841-4133-8B07-B130E5B9FA61}.Debug|x86.Build.0 = Debug|Any CPU
		{2335B8EF-4841-4133-8B07-B130E5B9FA61}.Release|Any CPU.ActiveCfg = Release|Any CPU
		{2335B8EF-4841-4133-8B07-B130E5B9FA61}.Release|Any CPU.Build.0 = Release|Any CPU
		{2335B8EF-4841-4133-8B07-B130E5B9FA61}.Release|Mixed Platforms.ActiveCfg = Release|Any CPU
		{2335B8EF-4841-4133-8B07-B130E5B9FA61}.Release|Mixed Platforms.Build.0 = Release|Any CPU
		{2335B8EF-4841-4133-8B07-B130E5B9FA61}.Release|x86.ActiveCfg = Release|Any CPU
		{2335B8EF-4841-4133-8B07-B130E5B9FA61}.Release|x86.Build.0 = Release|Any CPU
		{23652854-5F2E-425C-8F55-7B17BCB3441F}.Debug|Any CPU.ActiveCfg = Debug|Any CPU
		{23652854-5F2E-425C-8F55-7B17BCB3441F}.Debug|Any CPU.Build.0 = Debug|Any CPU
		{23652854-5F2E-425C-8F55-7B17BCB3441F}.Debug|Mixed Platforms.ActiveCfg = Debug|Any CPU
		{23652854-5F2E-425C-8F55-7B17BCB3441F}.Debug|Mixed Platforms.Build.0 = Debug|Any CPU
		{23652854-5F2E-425C-8F55-7B17BCB3441F}.Debug|x86.ActiveCfg = Debug|Any CPU
		{23652854-5F2E-425C-8F55-7B17BCB3441F}.Debug|x86.Build.0 = Debug|Any CPU
		{23652854-5F2E-425C-8F55-7B17BCB3441F}.Release|Any CPU.ActiveCfg = Release|Any CPU
		{23652854-5F2E-425C-8F55-7B17BCB3441F}.Release|Any CPU.Build.0 = Release|Any CPU
		{23652854-5F2E-425C-8F55-7B17BCB3441F}.Release|Mixed Platforms.ActiveCfg = Release|Any CPU
		{23652854-5F2E-425C-8F55-7B17BCB3441F}.Release|Mixed Platforms.Build.0 = Release|Any CPU
		{23652854-5F2E-425C-8F55-7B17BCB3441F}.Release|x86.ActiveCfg = Release|Any CPU
		{23652854-5F2E-425C-8F55-7B17BCB3441F}.Release|x86.Build.0 = Release|Any CPU
		{D57E420E-FAF5-4778-9F6B-F5B9E0868A3D}.Debug|Any CPU.ActiveCfg = Debug|Any CPU
		{D57E420E-FAF5-4778-9F6B-F5B9E0868A3D}.Debug|Any CPU.Build.0 = Debug|Any CPU
		{D57E420E-FAF5-4778-9F6B-F5B9E0868A3D}.Debug|Mixed Platforms.ActiveCfg = Debug|Any CPU
		{D57E420E-FAF5-4778-9F6B-F5B9E0868A3D}.Debug|Mixed Platforms.Build.0 = Debug|Any CPU
		{D57E420E-FAF5-4778-9F6B-F5B9E0868A3D}.Debug|x86.ActiveCfg = Debug|Any CPU
		{D57E420E-FAF5-4778-9F6B-F5B9E0868A3D}.Debug|x86.Build.0 = Debug|Any CPU
		{D57E420E-FAF5-4778-9F6B-F5B9E0868A3D}.Release|Any CPU.ActiveCfg = Release|Any CPU
		{D57E420E-FAF5-4778-9F6B-F5B9E0868A3D}.Release|Any CPU.Build.0 = Release|Any CPU
		{D57E420E-FAF5-4778-9F6B-F5B9E0868A3D}.Release|Mixed Platforms.ActiveCfg = Release|Any CPU
		{D57E420E-FAF5-4778-9F6B-F5B9E0868A3D}.Release|Mixed Platforms.Build.0 = Release|Any CPU
		{D57E420E-FAF5-4778-9F6B-F5B9E0868A3D}.Release|x86.ActiveCfg = Release|Any CPU
		{D57E420E-FAF5-4778-9F6B-F5B9E0868A3D}.Release|x86.Build.0 = Release|Any CPU
		{83418639-88B8-4A74-ADA9-8721A3DCDEEE}.Debug|Any CPU.ActiveCfg = Debug|Any CPU
		{83418639-88B8-4A74-ADA9-8721A3DCDEEE}.Debug|Any CPU.Build.0 = Debug|Any CPU
		{83418639-88B8-4A74-ADA9-8721A3DCDEEE}.Debug|Mixed Platforms.ActiveCfg = Debug|Any CPU
		{83418639-88B8-4A74-ADA9-8721A3DCDEEE}.Debug|Mixed Platforms.Build.0 = Debug|Any CPU
		{83418639-88B8-4A74-ADA9-8721A3DCDEEE}.Debug|x86.ActiveCfg = Debug|Any CPU
		{83418639-88B8-4A74-ADA9-8721A3DCDEEE}.Debug|x86.Build.0 = Debug|Any CPU
		{83418639-88B8-4A74-ADA9-8721A3DCDEEE}.Release|Any CPU.ActiveCfg = Release|Any CPU
		{83418639-88B8-4A74-ADA9-8721A3DCDEEE}.Release|Any CPU.Build.0 = Release|Any CPU
		{83418639-88B8-4A74-ADA9-8721A3DCDEEE}.Release|Mixed Platforms.ActiveCfg = Release|Any CPU
		{83418639-88B8-4A74-ADA9-8721A3DCDEEE}.Release|Mixed Platforms.Build.0 = Release|Any CPU
		{83418639-88B8-4A74-ADA9-8721A3DCDEEE}.Release|x86.ActiveCfg = Release|Any CPU
		{83418639-88B8-4A74-ADA9-8721A3DCDEEE}.Release|x86.Build.0 = Release|Any CPU
		{4E33226D-3E1A-4F84-8625-0B99A0E2E10B}.Debug|Any CPU.ActiveCfg = Debug|Any CPU
		{4E33226D-3E1A-4F84-8625-0B99A0E2E10B}.Debug|Any CPU.Build.0 = Debug|Any CPU
		{4E33226D-3E1A-4F84-8625-0B99A0E2E10B}.Debug|Mixed Platforms.ActiveCfg = Debug|Any CPU
		{4E33226D-3E1A-4F84-8625-0B99A0E2E10B}.Debug|Mixed Platforms.Build.0 = Debug|Any CPU
		{4E33226D-3E1A-4F84-8625-0B99A0E2E10B}.Debug|x86.ActiveCfg = Debug|Any CPU
		{4E33226D-3E1A-4F84-8625-0B99A0E2E10B}.Debug|x86.Build.0 = Debug|Any CPU
		{4E33226D-3E1A-4F84-8625-0B99A0E2E10B}.Release|Any CPU.ActiveCfg = Release|Any CPU
		{4E33226D-3E1A-4F84-8625-0B99A0E2E10B}.Release|Any CPU.Build.0 = Release|Any CPU
		{4E33226D-3E1A-4F84-8625-0B99A0E2E10B}.Release|Mixed Platforms.ActiveCfg = Release|Any CPU
		{4E33226D-3E1A-4F84-8625-0B99A0E2E10B}.Release|Mixed Platforms.Build.0 = Release|Any CPU
		{4E33226D-3E1A-4F84-8625-0B99A0E2E10B}.Release|x86.ActiveCfg = Release|Any CPU
		{4E33226D-3E1A-4F84-8625-0B99A0E2E10B}.Release|x86.Build.0 = Release|Any CPU
		{5C2AC376-4951-4DC5-8C62-9893E3A9DEFA}.Debug|Any CPU.ActiveCfg = Debug|Any CPU
		{5C2AC376-4951-4DC5-8C62-9893E3A9DEFA}.Debug|Any CPU.Build.0 = Debug|Any CPU
		{5C2AC376-4951-4DC5-8C62-9893E3A9DEFA}.Debug|Mixed Platforms.ActiveCfg = Debug|Any CPU
		{5C2AC376-4951-4DC5-8C62-9893E3A9DEFA}.Debug|Mixed Platforms.Build.0 = Debug|Any CPU
		{5C2AC376-4951-4DC5-8C62-9893E3A9DEFA}.Debug|x86.ActiveCfg = Debug|Any CPU
		{5C2AC376-4951-4DC5-8C62-9893E3A9DEFA}.Debug|x86.Build.0 = Debug|Any CPU
		{5C2AC376-4951-4DC5-8C62-9893E3A9DEFA}.Release|Any CPU.ActiveCfg = Release|Any CPU
		{5C2AC376-4951-4DC5-8C62-9893E3A9DEFA}.Release|Any CPU.Build.0 = Release|Any CPU
		{5C2AC376-4951-4DC5-8C62-9893E3A9DEFA}.Release|Mixed Platforms.ActiveCfg = Release|Any CPU
		{5C2AC376-4951-4DC5-8C62-9893E3A9DEFA}.Release|Mixed Platforms.Build.0 = Release|Any CPU
		{5C2AC376-4951-4DC5-8C62-9893E3A9DEFA}.Release|x86.ActiveCfg = Release|Any CPU
		{5C2AC376-4951-4DC5-8C62-9893E3A9DEFA}.Release|x86.Build.0 = Release|Any CPU
	EndGlobalSection
	GlobalSection(SolutionProperties) = preSolution
		HideSolutionNode = FALSE
	EndGlobalSection
	GlobalSection(ExtensibilityGlobals) = postSolution
		SolutionGuid = {D709EA4F-5167-454C-A483-F103E490EED2}
	EndGlobalSection
EndGlobal
